
Microsoft Visual Studio Solution File, Format Version 12.00
# Visual Studio 15
VisualStudioVersion = 15.0.28307.329
MinimumVisualStudioVersion = 10.0.40219.1
Project("{8BC9CEB8-8B4A-11D0-8D11-00A0C91BC942}") = "CAP", "CAP\CAP.vcxproj", "{73C6B581-DC3A-4111-BEE8-A1F50273ACEC}"
EndProject
Global
	GlobalSection(SolutionConfigurationPlatforms) = preSolution
		Debug|x64 = Debug|x64
		Debug|x86 = Debug|x86
		Release|x64 = Release|x64
		Release|x86 = Release|x86
	EndGlobalSection
	GlobalSection(ProjectConfigurationPlatforms) = postSolution
		{73C6B581-DC3A-4111-BEE8-A1F50273ACEC}.Debug|x64.ActiveCfg = Debug|x64
		{73C6B581-DC3A-4111-BEE8-A1F50273ACEC}.Debug|x64.Build.0 = Debug|x64
		{73C6B581-DC3A-4111-BEE8-A1F50273ACEC}.Debug|x86.ActiveCfg = Debug|Win32
		{73C6B581-DC3A-4111-BEE8-A1F50273ACEC}.Debug|x86.Build.0 = Debug|Win32
		{73C6B581-DC3A-4111-BEE8-A1F50273ACEC}.Release|x64.ActiveCfg = Release|x64
		{73C6B581-DC3A-4111-BEE8-A1F50273ACEC}.Release|x64.Build.0 = Release|x64
		{73C6B581-DC3A-4111-BEE8-A1F50273ACEC}.Release|x86.ActiveCfg = Release|Win32
		{73C6B581-DC3A-4111-BEE8-A1F50273ACEC}.Release|x86.Build.0 = Release|Win32
	EndGlobalSection
	GlobalSection(SolutionProperties) = preSolution
		HideSolutionNode = FALSE
	EndGlobalSection
	GlobalSection(ExtensibilityGlobals) = postSolution
		SolutionGuid = {EFF47AEC-1A7F-4F09-BCB2-D0EC42181852}
	EndGlobalSection
EndGlobal
